
Microsoft Visual Studio Solution File, Format Version 12.00
# Visual Studio Version 17
VisualStudioVersion = 17.4.33205.214
MinimumVisualStudioVersion = 10.0.40219.1
Project("{FAE04EC0-301F-11D3-BF4B-00C04F79EFBC}") = "LabExceptions", "LabExceptions.csproj", "{209E7F37-98E4-4835-B5FE-29521DE79DB5}"
EndProject
Global
	GlobalSection(SolutionConfigurationPlatforms) = preSolution
		Debug|Any CPU = Debug|Any CPU
		Release|Any CPU = Release|Any CPU
	EndGlobalSection
	GlobalSection(ProjectConfigurationPlatforms) = postSolution
		{209E7F37-98E4-4835-B5FE-29521DE79DB5}.Debug|Any CPU.ActiveCfg = Debug|Any CPU
		{209E7F37-98E4-4835-B5FE-29521DE79DB5}.Debug|Any CPU.Build.0 = Debug|Any CPU
		{209E7F37-98E4-4835-B5FE-29521DE79DB5}.Release|Any CPU.ActiveCfg = Release|Any CPU
		{209E7F37-98E4-4835-B5FE-29521DE79DB5}.Release|Any CPU.Build.0 = Release|Any CPU
	EndGlobalSection
	GlobalSection(SolutionProperties) = preSolution
		HideSolutionNode = FALSE
	EndGlobalSection
	GlobalSection(ExtensibilityGlobals) = postSolution
		SolutionGuid = {5F3302BA-FDD3-4D9B-B854-A21F77273BA7}
	EndGlobalSection
EndGlobal
